// !$*UTF8*$!
{
	archiveVersion = 1;
	classes = {
	};
	objectVersion = 46;
	objects = {

/* Begin PBXBuildFile section */
		97023F931FFFF97B008FD2B0 /* ScheduleViewController.swift in Sources */ = {isa = PBXBuildFile; fileRef = 97023F921FFFF97B008FD2B0 /* ScheduleViewController.swift */; };
		97023F951FFFFDF4008FD2B0 /* ScheduleTableViewController.swift in Sources */ = {isa = PBXBuildFile; fileRef = 97023F941FFFFDF4008FD2B0 /* ScheduleTableViewController.swift */; };
		973B8AF91FFC4D89001E881F /* MMSSPickerViewController.swift in Sources */ = {isa = PBXBuildFile; fileRef = 973B8AF81FFC4D89001E881F /* MMSSPickerViewController.swift */; };
		973B8B171FFDAB5A001E881F /* NotificationTableViewController.swift in Sources */ = {isa = PBXBuildFile; fileRef = 973B8B161FFDAB5A001E881F /* NotificationTableViewController.swift */; };
		973B8B191FFDABEE001E881F /* NotificationViewController2.swift in Sources */ = {isa = PBXBuildFile; fileRef = 973B8B181FFDABEE001E881F /* NotificationViewController2.swift */; };
		97BEBB231FCCE40E00DED1B9 /* SnapshotHelper.swift in Sources */ = {isa = PBXBuildFile; fileRef = 97BEBB221FCCE40E00DED1B9 /* SnapshotHelper.swift */; };
		DF06EB8C1FA05DD3001F1D0C /* NotificationCenter.framework in Frameworks */ = {isa = PBXBuildFile; fileRef = DF06EB8B1FA05DD3001F1D0C /* NotificationCenter.framework */; };
		DF06EB8F1FA05DD4001F1D0C /* TodayViewController.swift in Sources */ = {isa = PBXBuildFile; fileRef = DF06EB8E1FA05DD4001F1D0C /* TodayViewController.swift */; };
		DF06EB921FA05DD4001F1D0C /* MainInterface.storyboard in Resources */ = {isa = PBXBuildFile; fileRef = DF06EB901FA05DD4001F1D0C /* MainInterface.storyboard */; };
		DF06EB961FA05DD4001F1D0C /* GHSScheduleWidget.appex in Embed App Extensions */ = {isa = PBXBuildFile; fileRef = DF06EB891FA05DD3001F1D0C /* GHSScheduleWidget.appex */; settings = {ATTRIBUTES = (RemoveHeadersOnCopy, ); }; };
		DF06EBA11FA0E16B001F1D0C /* SharedDataContainer.swift in Sources */ = {isa = PBXBuildFile; fileRef = DF06EBA01FA0E16B001F1D0C /* SharedDataContainer.swift */; };
		DF06EBA21FA0E16B001F1D0C /* SharedDataContainer.swift in Sources */ = {isa = PBXBuildFile; fileRef = DF06EBA01FA0E16B001F1D0C /* SharedDataContainer.swift */; };
		DF1DF10F1FAF8E7000DA6679 /* SettingsVC.swift in Sources */ = {isa = PBXBuildFile; fileRef = DF1DF10E1FAF8E7000DA6679 /* SettingsVC.swift */; };
		DF7D45DC1F5F87BB00925D2E /* AppDelegate.swift in Sources */ = {isa = PBXBuildFile; fileRef = DF7D45DB1F5F87BB00925D2E /* AppDelegate.swift */; };
		DF7D45DE1F5F87BB00925D2E /* ViewController.swift in Sources */ = {isa = PBXBuildFile; fileRef = DF7D45DD1F5F87BB00925D2E /* ViewController.swift */; };
		DF7D45E11F5F87BB00925D2E /* Main.storyboard in Resources */ = {isa = PBXBuildFile; fileRef = DF7D45DF1F5F87BB00925D2E /* Main.storyboard */; };
		DF7D45E61F5F87BB00925D2E /* Assets.xcassets in Resources */ = {isa = PBXBuildFile; fileRef = DF7D45E51F5F87BB00925D2E /* Assets.xcassets */; };
		DF7D45E91F5F87BB00925D2E /* LaunchScreen.storyboard in Resources */ = {isa = PBXBuildFile; fileRef = DF7D45E71F5F87BB00925D2E /* LaunchScreen.storyboard */; };
		DF7D45F11F5F88CA00925D2E /* PeriodListClasses.swift in Sources */ = {isa = PBXBuildFile; fileRef = DF7D45F01F5F88CA00925D2E /* PeriodListClasses.swift */; };
		DF7D45F31F5FAD9B00925D2E /* calenderLayer.swift in Sources */ = {isa = PBXBuildFile; fileRef = DF7D45F21F5FAD9B00925D2E /* calenderLayer.swift */; };
		DF7D45F51F5FDAAB00925D2E /* calenderStuff.swift in Sources */ = {isa = PBXBuildFile; fileRef = DF7D45F41F5FDAAB00925D2E /* calenderStuff.swift */; };
		DF8433F81FB531D200F8763C /* Period.swift in Sources */ = {isa = PBXBuildFile; fileRef = DF8433F71FB531D200F8763C /* Period.swift */; };
		DFACA5D6200C4A310022A265 /* README.txt in Resources */ = {isa = PBXBuildFile; fileRef = DFACA5D5200C4A310022A265 /* README.txt */; };
		DFEBBFA21F6667F500046334 /* GHS logo.png in Resources */ = {isa = PBXBuildFile; fileRef = DFEBBFA11F6667F500046334 /* GHS logo.png */; };
		DFF618C31FA70A4C007375BB /* calenderStuff.swift in Sources */ = {isa = PBXBuildFile; fileRef = DF7D45F41F5FDAAB00925D2E /* calenderStuff.swift */; };
		DFF618CB1FA84517007375BB /* GHS_scheduleUITests.swift in Sources */ = {isa = PBXBuildFile; fileRef = DFF618CA1FA84517007375BB /* GHS_scheduleUITests.swift */; };
		DFF618D51FA84713007375BB /* Snapfile in Resources */ = {isa = PBXBuildFile; fileRef = DFF618D41FA84713007375BB /* Snapfile */; };
/* End PBXBuildFile section */

/* Begin PBXContainerItemProxy section */
		DF06EB941FA05DD4001F1D0C /* PBXContainerItemProxy */ = {
			isa = PBXContainerItemProxy;
			containerPortal = DF7D45D01F5F87BB00925D2E /* Project object */;
			proxyType = 1;
			remoteGlobalIDString = DF06EB881FA05DD3001F1D0C;
			remoteInfo = GHSScheduleWidget;
		};
		DFF618CD1FA84517007375BB /* PBXContainerItemProxy */ = {
			isa = PBXContainerItemProxy;
			containerPortal = DF7D45D01F5F87BB00925D2E /* Project object */;
			proxyType = 1;
			remoteGlobalIDString = DF7D45D71F5F87BB00925D2E;
			remoteInfo = "GHS schedule";
		};
/* End PBXContainerItemProxy section */

/* Begin PBXCopyFilesBuildPhase section */
		DF06EB9A1FA05DD4001F1D0C /* Embed App Extensions */ = {
			isa = PBXCopyFilesBuildPhase;
			buildActionMask = 2147483647;
			dstPath = "";
			dstSubfolderSpec = 13;
			files = (
				DF06EB961FA05DD4001F1D0C /* GHSScheduleWidget.appex in Embed App Extensions */,
			);
			name = "Embed App Extensions";
			runOnlyForDeploymentPostprocessing = 0;
		};
/* End PBXCopyFilesBuildPhase section */

/* Begin PBXFileReference section */
		97023F921FFFF97B008FD2B0 /* ScheduleViewController.swift */ = {isa = PBXFileReference; lastKnownFileType = sourcecode.swift; path = ScheduleViewController.swift; sourceTree = "<group>"; };
		97023F941FFFFDF4008FD2B0 /* ScheduleTableViewController.swift */ = {isa = PBXFileReference; lastKnownFileType = sourcecode.swift; path = ScheduleTableViewController.swift; sourceTree = "<group>"; };
		973B8AF81FFC4D89001E881F /* MMSSPickerViewController.swift */ = {isa = PBXFileReference; lastKnownFileType = sourcecode.swift; path = MMSSPickerViewController.swift; sourceTree = "<group>"; };
		973B8B161FFDAB5A001E881F /* NotificationTableViewController.swift */ = {isa = PBXFileReference; lastKnownFileType = sourcecode.swift; path = NotificationTableViewController.swift; sourceTree = "<group>"; };
		973B8B181FFDABEE001E881F /* NotificationViewController2.swift */ = {isa = PBXFileReference; lastKnownFileType = sourcecode.swift; path = NotificationViewController2.swift; sourceTree = "<group>"; };
		97BEBB221FCCE40E00DED1B9 /* SnapshotHelper.swift */ = {isa = PBXFileReference; fileEncoding = 4; lastKnownFileType = sourcecode.swift; path = SnapshotHelper.swift; sourceTree = "<group>"; };
		DF06EB891FA05DD3001F1D0C /* GHSScheduleWidget.appex */ = {isa = PBXFileReference; explicitFileType = "wrapper.app-extension"; includeInIndex = 0; path = GHSScheduleWidget.appex; sourceTree = BUILT_PRODUCTS_DIR; };
		DF06EB8B1FA05DD3001F1D0C /* NotificationCenter.framework */ = {isa = PBXFileReference; lastKnownFileType = wrapper.framework; name = NotificationCenter.framework; path = System/Library/Frameworks/NotificationCenter.framework; sourceTree = SDKROOT; };
		DF06EB8E1FA05DD4001F1D0C /* TodayViewController.swift */ = {isa = PBXFileReference; lastKnownFileType = sourcecode.swift; path = TodayViewController.swift; sourceTree = "<group>"; };
		DF06EB911FA05DD4001F1D0C /* Base */ = {isa = PBXFileReference; lastKnownFileType = file.storyboard; name = Base; path = Base.lproj/MainInterface.storyboard; sourceTree = "<group>"; };
		DF06EB931FA05DD4001F1D0C /* Info.plist */ = {isa = PBXFileReference; lastKnownFileType = text.plist.xml; path = Info.plist; sourceTree = "<group>"; };
		DF06EBA01FA0E16B001F1D0C /* SharedDataContainer.swift */ = {isa = PBXFileReference; lastKnownFileType = sourcecode.swift; path = SharedDataContainer.swift; sourceTree = "<group>"; };
		DF1DF10E1FAF8E7000DA6679 /* SettingsVC.swift */ = {isa = PBXFileReference; lastKnownFileType = sourcecode.swift; path = SettingsVC.swift; sourceTree = "<group>"; };
		DF7D3BDD1F7DA9A800BC0752 /* GHS schedule.entitlements */ = {isa = PBXFileReference; lastKnownFileType = text.plist.entitlements; path = "GHS schedule.entitlements"; sourceTree = "<group>"; };
		DF7D45D81F5F87BB00925D2E /* GHS schedule.app */ = {isa = PBXFileReference; explicitFileType = wrapper.application; includeInIndex = 0; path = "GHS schedule.app"; sourceTree = BUILT_PRODUCTS_DIR; };
		DF7D45DB1F5F87BB00925D2E /* AppDelegate.swift */ = {isa = PBXFileReference; lastKnownFileType = sourcecode.swift; path = AppDelegate.swift; sourceTree = "<group>"; };
		DF7D45DD1F5F87BB00925D2E /* ViewController.swift */ = {isa = PBXFileReference; lastKnownFileType = sourcecode.swift; path = ViewController.swift; sourceTree = "<group>"; };
		DF7D45E01F5F87BB00925D2E /* Base */ = {isa = PBXFileReference; lastKnownFileType = file.storyboard; name = Base; path = Base.lproj/Main.storyboard; sourceTree = "<group>"; };
		DF7D45E51F5F87BB00925D2E /* Assets.xcassets */ = {isa = PBXFileReference; lastKnownFileType = folder.assetcatalog; path = Assets.xcassets; sourceTree = "<group>"; };
		DF7D45E81F5F87BB00925D2E /* Base */ = {isa = PBXFileReference; lastKnownFileType = file.storyboard; name = Base; path = Base.lproj/LaunchScreen.storyboard; sourceTree = "<group>"; };
		DF7D45EA1F5F87BB00925D2E /* Info.plist */ = {isa = PBXFileReference; lastKnownFileType = text.plist.xml; path = Info.plist; sourceTree = "<group>"; };
		DF7D45F01F5F88CA00925D2E /* PeriodListClasses.swift */ = {isa = PBXFileReference; fileEncoding = 4; lastKnownFileType = sourcecode.swift; path = PeriodListClasses.swift; sourceTree = "<group>"; };
		DF7D45F21F5FAD9B00925D2E /* calenderLayer.swift */ = {isa = PBXFileReference; fileEncoding = 4; lastKnownFileType = sourcecode.swift; path = calenderLayer.swift; sourceTree = "<group>"; };
		DF7D45F41F5FDAAB00925D2E /* calenderStuff.swift */ = {isa = PBXFileReference; fileEncoding = 4; lastKnownFileType = sourcecode.swift; path = calenderStuff.swift; sourceTree = "<group>"; };
		DF8433F71FB531D200F8763C /* Period.swift */ = {isa = PBXFileReference; lastKnownFileType = sourcecode.swift; path = Period.swift; sourceTree = "<group>"; };
		DFACA5D5200C4A310022A265 /* README.txt */ = {isa = PBXFileReference; fileEncoding = 4; lastKnownFileType = text; path = README.txt; sourceTree = "<group>"; };
		DFEBBFA11F6667F500046334 /* GHS logo.png */ = {isa = PBXFileReference; lastKnownFileType = image.png; path = "GHS logo.png"; sourceTree = "<group>"; };
		DFF618C21FA1973D007375BB /* GHSScheduleWidget.entitlements */ = {isa = PBXFileReference; lastKnownFileType = text.plist.entitlements; path = GHSScheduleWidget.entitlements; sourceTree = "<group>"; };
		DFF618C81FA84517007375BB /* GHS scheduleUITests.xctest */ = {isa = PBXFileReference; explicitFileType = wrapper.cfbundle; includeInIndex = 0; path = "GHS scheduleUITests.xctest"; sourceTree = BUILT_PRODUCTS_DIR; };
		DFF618CA1FA84517007375BB /* GHS_scheduleUITests.swift */ = {isa = PBXFileReference; lastKnownFileType = sourcecode.swift; path = GHS_scheduleUITests.swift; sourceTree = "<group>"; };
		DFF618CC1FA84517007375BB /* Info.plist */ = {isa = PBXFileReference; lastKnownFileType = text.plist.xml; path = Info.plist; sourceTree = "<group>"; };
		DFF618D41FA84713007375BB /* Snapfile */ = {isa = PBXFileReference; lastKnownFileType = text; path = Snapfile; sourceTree = "<group>"; };
/* End PBXFileReference section */

/* Begin PBXFrameworksBuildPhase section */
		DF06EB861FA05DD3001F1D0C /* Frameworks */ = {
			isa = PBXFrameworksBuildPhase;
			buildActionMask = 2147483647;
			files = (
				DF06EB8C1FA05DD3001F1D0C /* NotificationCenter.framework in Frameworks */,
			);
			runOnlyForDeploymentPostprocessing = 0;
		};
		DF7D45D51F5F87BB00925D2E /* Frameworks */ = {
			isa = PBXFrameworksBuildPhase;
			buildActionMask = 2147483647;
			files = (
			);
			runOnlyForDeploymentPostprocessing = 0;
		};
		DFF618C51FA84517007375BB /* Frameworks */ = {
			isa = PBXFrameworksBuildPhase;
			buildActionMask = 2147483647;
			files = (
			);
			runOnlyForDeploymentPostprocessing = 0;
		};
/* End PBXFrameworksBuildPhase section */

/* Begin PBXGroup section */
		DF06EB8A1FA05DD3001F1D0C /* Frameworks */ = {
			isa = PBXGroup;
			children = (
				DF06EB8B1FA05DD3001F1D0C /* NotificationCenter.framework */,
			);
			name = Frameworks;
			sourceTree = "<group>";
		};
		DF06EB8D1FA05DD3001F1D0C /* GHSScheduleWidget */ = {
			isa = PBXGroup;
			children = (
				DFF618C21FA1973D007375BB /* GHSScheduleWidget.entitlements */,
				DF06EB8E1FA05DD4001F1D0C /* TodayViewController.swift */,
				DF06EB901FA05DD4001F1D0C /* MainInterface.storyboard */,
				DF06EB931FA05DD4001F1D0C /* Info.plist */,
			);
			path = GHSScheduleWidget;
			sourceTree = "<group>";
		};
		DF7D45CF1F5F87BB00925D2E = {
			isa = PBXGroup;
			children = (
				DFACA5D5200C4A310022A265 /* README.txt */,
				DF7D45F41F5FDAAB00925D2E /* calenderStuff.swift */,
				DF06EBA01FA0E16B001F1D0C /* SharedDataContainer.swift */,
				DF7D45DA1F5F87BB00925D2E /* GHS schedule */,
				DF06EB8D1FA05DD3001F1D0C /* GHSScheduleWidget */,
				DFF618C91FA84517007375BB /* GHS scheduleUITests */,
				DF06EB8A1FA05DD3001F1D0C /* Frameworks */,
				DF7D45D91F5F87BB00925D2E /* Products */,
			);
			sourceTree = "<group>";
		};
		DF7D45D91F5F87BB00925D2E /* Products */ = {
			isa = PBXGroup;
			children = (
				DF7D45D81F5F87BB00925D2E /* GHS schedule.app */,
				DF06EB891FA05DD3001F1D0C /* GHSScheduleWidget.appex */,
				DFF618C81FA84517007375BB /* GHS scheduleUITests.xctest */,
			);
			name = Products;
			sourceTree = "<group>";
		};
		DF7D45DA1F5F87BB00925D2E /* GHS schedule */ = {
			isa = PBXGroup;
			children = (
				DF7D45DB1F5F87BB00925D2E /* AppDelegate.swift */,
				DF7D45F21F5FAD9B00925D2E /* calenderLayer.swift */,
				973B8AF81FFC4D89001E881F /* MMSSPickerViewController.swift */,
				973B8B181FFDABEE001E881F /* NotificationViewController2.swift */,
				973B8B161FFDAB5A001E881F /* NotificationTableViewController.swift */,
				DF8433F71FB531D200F8763C /* Period.swift */,
				DF7D45F01F5F88CA00925D2E /* PeriodListClasses.swift */,
				97023F921FFFF97B008FD2B0 /* ScheduleViewController.swift */,
				97023F941FFFFDF4008FD2B0 /* ScheduleTableViewController.swift */,
				DF1DF10E1FAF8E7000DA6679 /* SettingsVC.swift */,
				DF7D45DD1F5F87BB00925D2E /* ViewController.swift */,
				DF7D45DF1F5F87BB00925D2E /* Main.storyboard */,
				DF7D45E51F5F87BB00925D2E /* Assets.xcassets */,
				DF7D45E71F5F87BB00925D2E /* LaunchScreen.storyboard */,
				DF7D45EA1F5F87BB00925D2E /* Info.plist */,
				DF7D3BDD1F7DA9A800BC0752 /* GHS schedule.entitlements */,
				DFEBBFA11F6667F500046334 /* GHS logo.png */,
			);
			path = "GHS schedule";
			sourceTree = "<group>";
		};
		DFF618C91FA84517007375BB /* GHS scheduleUITests */ = {
			isa = PBXGroup;
			children = (
				97BEBB221FCCE40E00DED1B9 /* SnapshotHelper.swift */,
				DFF618D41FA84713007375BB /* Snapfile */,
				DFF618CA1FA84517007375BB /* GHS_scheduleUITests.swift */,
				DFF618CC1FA84517007375BB /* Info.plist */,
			);
			path = "GHS scheduleUITests";
			sourceTree = "<group>";
		};
/* End PBXGroup section */

/* Begin PBXNativeTarget section */
		DF06EB881FA05DD3001F1D0C /* GHSScheduleWidget */ = {
			isa = PBXNativeTarget;
			buildConfigurationList = DF06EB991FA05DD4001F1D0C /* Build configuration list for PBXNativeTarget "GHSScheduleWidget" */;
			buildPhases = (
				DF06EB851FA05DD3001F1D0C /* Sources */,
				DF06EB861FA05DD3001F1D0C /* Frameworks */,
				DF06EB871FA05DD3001F1D0C /* Resources */,
			);
			buildRules = (
			);
			dependencies = (
			);
			name = GHSScheduleWidget;
			productName = GHSScheduleWidget;
			productReference = DF06EB891FA05DD3001F1D0C /* GHSScheduleWidget.appex */;
			productType = "com.apple.product-type.app-extension";
		};
		DF7D45D71F5F87BB00925D2E /* GHS schedule */ = {
			isa = PBXNativeTarget;
			buildConfigurationList = DF7D45ED1F5F87BB00925D2E /* Build configuration list for PBXNativeTarget "GHS schedule" */;
			buildPhases = (
				DF7D45D41F5F87BB00925D2E /* Sources */,
				DF7D45D51F5F87BB00925D2E /* Frameworks */,
				DF7D45D61F5F87BB00925D2E /* Resources */,
				DF06EB9A1FA05DD4001F1D0C /* Embed App Extensions */,
			);
			buildRules = (
			);
			dependencies = (
				DF06EB951FA05DD4001F1D0C /* PBXTargetDependency */,
			);
			name = "GHS schedule";
			productName = "GHS schedule";
			productReference = DF7D45D81F5F87BB00925D2E /* GHS schedule.app */;
			productType = "com.apple.product-type.application";
		};
		DFF618C71FA84517007375BB /* GHS scheduleUITests */ = {
			isa = PBXNativeTarget;
			buildConfigurationList = DFF618CF1FA84518007375BB /* Build configuration list for PBXNativeTarget "GHS scheduleUITests" */;
			buildPhases = (
				DFF618C41FA84517007375BB /* Sources */,
				DFF618C51FA84517007375BB /* Frameworks */,
				DFF618C61FA84517007375BB /* Resources */,
			);
			buildRules = (
			);
			dependencies = (
				DFF618CE1FA84517007375BB /* PBXTargetDependency */,
			);
			name = "GHS scheduleUITests";
			productName = "GHS scheduleUITests";
			productReference = DFF618C81FA84517007375BB /* GHS scheduleUITests.xctest */;
			productType = "com.apple.product-type.bundle.ui-testing";
		};
/* End PBXNativeTarget section */

/* Begin PBXProject section */
		DF7D45D01F5F87BB00925D2E /* Project object */ = {
			isa = PBXProject;
			attributes = {
				LastSwiftUpdateCheck = 0900;
				LastUpgradeCheck = 0900;
				ORGANIZATIONNAME = 4inunison;
				TargetAttributes = {
					DF06EB881FA05DD3001F1D0C = {
						CreatedOnToolsVersion = 9.0;
						DevelopmentTeam = KAZ52S2JC2;
						ProvisioningStyle = Automatic;
						SystemCapabilities = {
							com.apple.ApplicationGroups.iOS = {
								enabled = 1;
							};
						};
					};
					DF7D45D71F5F87BB00925D2E = {
						CreatedOnToolsVersion = 8.3.3;
						DevelopmentTeam = KAZ52S2JC2;
						LastSwiftMigration = 0900;
						ProvisioningStyle = Automatic;
						SystemCapabilities = {
							com.apple.ApplicationGroups.iOS = {
								enabled = 1;
							};
							com.apple.Push = {
								enabled = 1;
							};
						};
					};
					DFF618C71FA84517007375BB = {
						CreatedOnToolsVersion = 9.0;
						DevelopmentTeam = KAZ52S2JC2;
						ProvisioningStyle = Automatic;
						TestTargetID = DF7D45D71F5F87BB00925D2E;
					};
				};
			};
			buildConfigurationList = DF7D45D31F5F87BB00925D2E /* Build configuration list for PBXProject "GHS schedule" */;
			compatibilityVersion = "Xcode 3.2";
			developmentRegion = English;
			hasScannedForEncodings = 0;
			knownRegions = (
				en,
				Base,
			);
			mainGroup = DF7D45CF1F5F87BB00925D2E;
			productRefGroup = DF7D45D91F5F87BB00925D2E /* Products */;
			projectDirPath = "";
			projectRoot = "";
			targets = (
				DF7D45D71F5F87BB00925D2E /* GHS schedule */,
				DF06EB881FA05DD3001F1D0C /* GHSScheduleWidget */,
				DFF618C71FA84517007375BB /* GHS scheduleUITests */,
			);
		};
/* End PBXProject section */

/* Begin PBXResourcesBuildPhase section */
		DF06EB871FA05DD3001F1D0C /* Resources */ = {
			isa = PBXResourcesBuildPhase;
			buildActionMask = 2147483647;
			files = (
				DF06EB921FA05DD4001F1D0C /* MainInterface.storyboard in Resources */,
			);
			runOnlyForDeploymentPostprocessing = 0;
		};
		DF7D45D61F5F87BB00925D2E /* Resources */ = {
			isa = PBXResourcesBuildPhase;
			buildActionMask = 2147483647;
			files = (
				DFEBBFA21F6667F500046334 /* GHS logo.png in Resources */,
				DF7D45E91F5F87BB00925D2E /* LaunchScreen.storyboard in Resources */,
				DF7D45E61F5F87BB00925D2E /* Assets.xcassets in Resources */,
				DF7D45E11F5F87BB00925D2E /* Main.storyboard in Resources */,
				DFACA5D6200C4A310022A265 /* README.txt in Resources */,
			);
			runOnlyForDeploymentPostprocessing = 0;
		};
		DFF618C61FA84517007375BB /* Resources */ = {
			isa = PBXResourcesBuildPhase;
			buildActionMask = 2147483647;
			files = (
				DFF618D51FA84713007375BB /* Snapfile in Resources */,
			);
			runOnlyForDeploymentPostprocessing = 0;
		};
/* End PBXResourcesBuildPhase section */

/* Begin PBXSourcesBuildPhase section */
		DF06EB851FA05DD3001F1D0C /* Sources */ = {
			isa = PBXSourcesBuildPhase;
			buildActionMask = 2147483647;
			files = (
				DF06EB8F1FA05DD4001F1D0C /* TodayViewController.swift in Sources */,
				DFF618C31FA70A4C007375BB /* calenderStuff.swift in Sources */,
				DF06EBA21FA0E16B001F1D0C /* SharedDataContainer.swift in Sources */,
			);
			runOnlyForDeploymentPostprocessing = 0;
		};
		DF7D45D41F5F87BB00925D2E /* Sources */ = {
			isa = PBXSourcesBuildPhase;
			buildActionMask = 2147483647;
			files = (
				973B8B191FFDABEE001E881F /* NotificationViewController2.swift in Sources */,
				973B8B171FFDAB5A001E881F /* NotificationTableViewController.swift in Sources */,
				DF8433F81FB531D200F8763C /* Period.swift in Sources */,
				DF7D45F51F5FDAAB00925D2E /* calenderStuff.swift in Sources */,
				973B8AF91FFC4D89001E881F /* MMSSPickerViewController.swift in Sources */,
				97023F931FFFF97B008FD2B0 /* ScheduleViewController.swift in Sources */,
				97023F951FFFFDF4008FD2B0 /* ScheduleTableViewController.swift in Sources */,
				DF7D45DE1F5F87BB00925D2E /* ViewController.swift in Sources */,
				DF1DF10F1FAF8E7000DA6679 /* SettingsVC.swift in Sources */,
				DF7D45F31F5FAD9B00925D2E /* calenderLayer.swift in Sources */,
				DF7D45DC1F5F87BB00925D2E /* AppDelegate.swift in Sources */,
				DF06EBA11FA0E16B001F1D0C /* SharedDataContainer.swift in Sources */,
				DF7D45F11F5F88CA00925D2E /* PeriodListClasses.swift in Sources */,
			);
			runOnlyForDeploymentPostprocessing = 0;
		};
		DFF618C41FA84517007375BB /* Sources */ = {
			isa = PBXSourcesBuildPhase;
			buildActionMask = 2147483647;
			files = (
				DFF618CB1FA84517007375BB /* GHS_scheduleUITests.swift in Sources */,
				97BEBB231FCCE40E00DED1B9 /* SnapshotHelper.swift in Sources */,
			);
			runOnlyForDeploymentPostprocessing = 0;
		};
/* End PBXSourcesBuildPhase section */

/* Begin PBXTargetDependency section */
		DF06EB951FA05DD4001F1D0C /* PBXTargetDependency */ = {
			isa = PBXTargetDependency;
			target = DF06EB881FA05DD3001F1D0C /* GHSScheduleWidget */;
			targetProxy = DF06EB941FA05DD4001F1D0C /* PBXContainerItemProxy */;
		};
		DFF618CE1FA84517007375BB /* PBXTargetDependency */ = {
			isa = PBXTargetDependency;
			target = DF7D45D71F5F87BB00925D2E /* GHS schedule */;
			targetProxy = DFF618CD1FA84517007375BB /* PBXContainerItemProxy */;
		};
/* End PBXTargetDependency section */

/* Begin PBXVariantGroup section */
		DF06EB901FA05DD4001F1D0C /* MainInterface.storyboard */ = {
			isa = PBXVariantGroup;
			children = (
				DF06EB911FA05DD4001F1D0C /* Base */,
			);
			name = MainInterface.storyboard;
			sourceTree = "<group>";
		};
		DF7D45DF1F5F87BB00925D2E /* Main.storyboard */ = {
			isa = PBXVariantGroup;
			children = (
				DF7D45E01F5F87BB00925D2E /* Base */,
			);
			name = Main.storyboard;
			sourceTree = "<group>";
		};
		DF7D45E71F5F87BB00925D2E /* LaunchScreen.storyboard */ = {
			isa = PBXVariantGroup;
			children = (
				DF7D45E81F5F87BB00925D2E /* Base */,
			);
			name = LaunchScreen.storyboard;
			sourceTree = "<group>";
		};
/* End PBXVariantGroup section */

/* Begin XCBuildConfiguration section */
		DF06EB971FA05DD4001F1D0C /* Debug */ = {
			isa = XCBuildConfiguration;
			buildSettings = {
				CLANG_CXX_LANGUAGE_STANDARD = "gnu++14";
				CLANG_WARN_UNGUARDED_AVAILABILITY = YES_AGGRESSIVE;
				CODE_SIGN_ENTITLEMENTS = GHSScheduleWidget/GHSScheduleWidget.entitlements;
				CODE_SIGN_IDENTITY = "iPhone Developer";
				CODE_SIGN_STYLE = Automatic;
				DEVELOPMENT_TEAM = KAZ52S2JC2;
				GCC_C_LANGUAGE_STANDARD = gnu11;
				INFOPLIST_FILE = GHSScheduleWidget/Info.plist;
				IPHONEOS_DEPLOYMENT_TARGET = 11.0;
				LD_RUNPATH_SEARCH_PATHS = "$(inherited) @executable_path/Frameworks @executable_path/../../Frameworks";
				PRODUCT_BUNDLE_IDENTIFIER = "com.catana-software.ghsschedule.GHSScheduleWidget";
				PRODUCT_NAME = "$(TARGET_NAME)";
				SKIP_INSTALL = YES;
				SWIFT_VERSION = 4.0;
				TARGETED_DEVICE_FAMILY = "1,2";
			};
			name = Debug;
		};
		DF06EB981FA05DD4001F1D0C /* Release */ = {
			isa = XCBuildConfiguration;
			buildSettings = {
				CLANG_CXX_LANGUAGE_STANDARD = "gnu++14";
				CLANG_WARN_UNGUARDED_AVAILABILITY = YES_AGGRESSIVE;
				CODE_SIGN_ENTITLEMENTS = GHSScheduleWidget/GHSScheduleWidget.entitlements;
				CODE_SIGN_IDENTITY = "iPhone Developer";
				CODE_SIGN_STYLE = Automatic;
				DEVELOPMENT_TEAM = KAZ52S2JC2;
				GCC_C_LANGUAGE_STANDARD = gnu11;
				INFOPLIST_FILE = GHSScheduleWidget/Info.plist;
				IPHONEOS_DEPLOYMENT_TARGET = 11.0;
				LD_RUNPATH_SEARCH_PATHS = "$(inherited) @executable_path/Frameworks @executable_path/../../Frameworks";
				PRODUCT_BUNDLE_IDENTIFIER = "com.catana-software.ghsschedule.GHSScheduleWidget";
				PRODUCT_NAME = "$(TARGET_NAME)";
				SKIP_INSTALL = YES;
				SWIFT_VERSION = 4.0;
				TARGETED_DEVICE_FAMILY = "1,2";
			};
			name = Release;
		};
		DF7D45EB1F5F87BB00925D2E /* Debug */ = {
			isa = XCBuildConfiguration;
			buildSettings = {
				ALWAYS_SEARCH_USER_PATHS = NO;
				CLANG_ANALYZER_NONNULL = YES;
				CLANG_ANALYZER_NUMBER_OBJECT_CONVERSION = YES_AGGRESSIVE;
				CLANG_CXX_LANGUAGE_STANDARD = "gnu++0x";
				CLANG_CXX_LIBRARY = "libc++";
				CLANG_ENABLE_MODULES = YES;
				CLANG_ENABLE_OBJC_ARC = YES;
				CLANG_WARN_BLOCK_CAPTURE_AUTORELEASING = YES;
				CLANG_WARN_BOOL_CONVERSION = YES;
				CLANG_WARN_COMMA = YES;
				CLANG_WARN_CONSTANT_CONVERSION = YES;
				CLANG_WARN_DIRECT_OBJC_ISA_USAGE = YES_ERROR;
				CLANG_WARN_DOCUMENTATION_COMMENTS = YES;
				CLANG_WARN_EMPTY_BODY = YES;
				CLANG_WARN_ENUM_CONVERSION = YES;
				CLANG_WARN_INFINITE_RECURSION = YES;
				CLANG_WARN_INT_CONVERSION = YES;
				CLANG_WARN_NON_LITERAL_NULL_CONVERSION = YES;
				CLANG_WARN_OBJC_LITERAL_CONVERSION = YES;
				CLANG_WARN_OBJC_ROOT_CLASS = YES_ERROR;
				CLANG_WARN_RANGE_LOOP_ANALYSIS = YES;
				CLANG_WARN_STRICT_PROTOTYPES = YES;
				CLANG_WARN_SUSPICIOUS_MOVE = YES;
				CLANG_WARN_UNREACHABLE_CODE = YES;
				CLANG_WARN__DUPLICATE_METHOD_MATCH = YES;
				"CODE_SIGN_IDENTITY[sdk=iphoneos*]" = "iPhone Developer";
				COPY_PHASE_STRIP = NO;
				DEBUG_INFORMATION_FORMAT = dwarf;
				ENABLE_STRICT_OBJC_MSGSEND = YES;
				ENABLE_TESTABILITY = YES;
				GCC_C_LANGUAGE_STANDARD = gnu99;
				GCC_DYNAMIC_NO_PIC = NO;
				GCC_NO_COMMON_BLOCKS = YES;
				GCC_OPTIMIZATION_LEVEL = 0;
				GCC_PREPROCESSOR_DEFINITIONS = (
					"DEBUG=1",
					"$(inherited)",
				);
				GCC_WARN_64_TO_32_BIT_CONVERSION = YES;
				GCC_WARN_ABOUT_RETURN_TYPE = YES_ERROR;
				GCC_WARN_UNDECLARED_SELECTOR = YES;
				GCC_WARN_UNINITIALIZED_AUTOS = YES_AGGRESSIVE;
				GCC_WARN_UNUSED_FUNCTION = YES;
				GCC_WARN_UNUSED_VARIABLE = YES;
				IPHONEOS_DEPLOYMENT_TARGET = 10.3;
				MTL_ENABLE_DEBUG_INFO = YES;
				ONLY_ACTIVE_ARCH = YES;
				SDKROOT = iphoneos;
				SWIFT_ACTIVE_COMPILATION_CONDITIONS = DEBUG;
				SWIFT_OPTIMIZATION_LEVEL = "-Onone";
				TARGETED_DEVICE_FAMILY = "1,2";
			};
			name = Debug;
		};
		DF7D45EC1F5F87BB00925D2E /* Release */ = {
			isa = XCBuildConfiguration;
			buildSettings = {
				ALWAYS_SEARCH_USER_PATHS = NO;
				CLANG_ANALYZER_NONNULL = YES;
				CLANG_ANALYZER_NUMBER_OBJECT_CONVERSION = YES_AGGRESSIVE;
				CLANG_CXX_LANGUAGE_STANDARD = "gnu++0x";
				CLANG_CXX_LIBRARY = "libc++";
				CLANG_ENABLE_MODULES = YES;
				CLANG_ENABLE_OBJC_ARC = YES;
				CLANG_WARN_BLOCK_CAPTURE_AUTORELEASING = YES;
				CLANG_WARN_BOOL_CONVERSION = YES;
				CLANG_WARN_COMMA = YES;
				CLANG_WARN_CONSTANT_CONVERSION = YES;
				CLANG_WARN_DIRECT_OBJC_ISA_USAGE = YES_ERROR;
				CLANG_WARN_DOCUMENTATION_COMMENTS = YES;
				CLANG_WARN_EMPTY_BODY = YES;
				CLANG_WARN_ENUM_CONVERSION = YES;
				CLANG_WARN_INFINITE_RECURSION = YES;
				CLANG_WARN_INT_CONVERSION = YES;
				CLANG_WARN_NON_LITERAL_NULL_CONVERSION = YES;
				CLANG_WARN_OBJC_LITERAL_CONVERSION = YES;
				CLANG_WARN_OBJC_ROOT_CLASS = YES_ERROR;
				CLANG_WARN_RANGE_LOOP_ANALYSIS = YES;
				CLANG_WARN_STRICT_PROTOTYPES = YES;
				CLANG_WARN_SUSPICIOUS_MOVE = YES;
				CLANG_WARN_UNREACHABLE_CODE = YES;
				CLANG_WARN__DUPLICATE_METHOD_MATCH = YES;
				"CODE_SIGN_IDENTITY[sdk=iphoneos*]" = "iPhone Developer";
				COPY_PHASE_STRIP = NO;
				DEBUG_INFORMATION_FORMAT = "dwarf-with-dsym";
				ENABLE_NS_ASSERTIONS = NO;
				ENABLE_STRICT_OBJC_MSGSEND = YES;
				GCC_C_LANGUAGE_STANDARD = gnu99;
				GCC_NO_COMMON_BLOCKS = YES;
				GCC_WARN_64_TO_32_BIT_CONVERSION = YES;
				GCC_WARN_ABOUT_RETURN_TYPE = YES_ERROR;
				GCC_WARN_UNDECLARED_SELECTOR = YES;
				GCC_WARN_UNINITIALIZED_AUTOS = YES_AGGRESSIVE;
				GCC_WARN_UNUSED_FUNCTION = YES;
				GCC_WARN_UNUSED_VARIABLE = YES;
				IPHONEOS_DEPLOYMENT_TARGET = 10.3;
				MTL_ENABLE_DEBUG_INFO = NO;
				SDKROOT = iphoneos;
				SWIFT_OPTIMIZATION_LEVEL = "-Owholemodule";
				TARGETED_DEVICE_FAMILY = "1,2";
				VALIDATE_PRODUCT = YES;
			};
			name = Release;
		};
		DF7D45EE1F5F87BB00925D2E /* Debug */ = {
			isa = XCBuildConfiguration;
			buildSettings = {
				ALWAYS_EMBED_SWIFT_STANDARD_LIBRARIES = YES;
				ASSETCATALOG_COMPILER_APPICON_NAME = AppIcon;
				CODE_SIGN_ENTITLEMENTS = "GHS schedule/GHS schedule.entitlements";
				CODE_SIGN_IDENTITY = "iPhone Developer";
				DEVELOPMENT_TEAM = KAZ52S2JC2;
				INFOPLIST_FILE = "GHS schedule/Info.plist";
				IPHONEOS_DEPLOYMENT_TARGET = 10.0;
				LD_RUNPATH_SEARCH_PATHS = "$(inherited) @executable_path/Frameworks";
				PRODUCT_BUNDLE_IDENTIFIER = "com.catana-software.ghsschedule";
				PRODUCT_NAME = "$(TARGET_NAME)";
				SWIFT_SWIFT3_OBJC_INFERENCE = Default;
				SWIFT_VERSION = 4.0;
			};
			name = Debug;
		};
		DF7D45EF1F5F87BB00925D2E /* Release */ = {
			isa = XCBuildConfiguration;
			buildSettings = {
				ALWAYS_EMBED_SWIFT_STANDARD_LIBRARIES = YES;
				ASSETCATALOG_COMPILER_APPICON_NAME = AppIcon;
				CODE_SIGN_ENTITLEMENTS = "GHS schedule/GHS schedule.entitlements";
				CODE_SIGN_IDENTITY = "iPhone Developer";
				DEVELOPMENT_TEAM = KAZ52S2JC2;
				INFOPLIST_FILE = "GHS schedule/Info.plist";
				IPHONEOS_DEPLOYMENT_TARGET = 10.0;
				LD_RUNPATH_SEARCH_PATHS = "$(inherited) @executable_path/Frameworks";
				PRODUCT_BUNDLE_IDENTIFIER = "com.catana-software.ghsschedule";
				PRODUCT_NAME = "$(TARGET_NAME)";
				SWIFT_SWIFT3_OBJC_INFERENCE = Default;
				SWIFT_VERSION = 4.0;
			};
			name = Release;
		};
		DFF618D01FA84518007375BB /* Debug */ = {
			isa = XCBuildConfiguration;
			buildSettings = {
				CLANG_CXX_LANGUAGE_STANDARD = "gnu++14";
				CLANG_WARN_UNGUARDED_AVAILABILITY = YES_AGGRESSIVE;
				CODE_SIGN_IDENTITY = "iPhone Developer";
				CODE_SIGN_STYLE = Automatic;
				DEVELOPMENT_TEAM = KAZ52S2JC2;
				GCC_C_LANGUAGE_STANDARD = gnu11;
				INFOPLIST_FILE = "GHS scheduleUITests/Info.plist";
				IPHONEOS_DEPLOYMENT_TARGET = 11.0;
				LD_RUNPATH_SEARCH_PATHS = "$(inherited) @executable_path/Frameworks @loader_path/Frameworks";
				PRODUCT_BUNDLE_IDENTIFIER = "com.catana-software.GHS-scheduleUITests";
				PRODUCT_NAME = "$(TARGET_NAME)";
				SWIFT_VERSION = 4.0;
				TARGETED_DEVICE_FAMILY = "1,2";
				TEST_TARGET_NAME = "GHS schedule";
			};
			name = Debug;
		};
		DFF618D11FA84518007375BB /* Release */ = {
			isa = XCBuildConfiguration;
			buildSettings = {
				CLANG_CXX_LANGUAGE_STANDARD = "gnu++14";
				CLANG_WARN_UNGUARDED_AVAILABILITY = YES_AGGRESSIVE;
				CODE_SIGN_IDENTITY = "iPhone Developer";
				CODE_SIGN_STYLE = Automatic;
				DEVELOPMENT_TEAM = KAZ52S2JC2;
				GCC_C_LANGUAGE_STANDARD = gnu11;
				INFOPLIST_FILE = "GHS scheduleUITests/Info.plist";
				IPHONEOS_DEPLOYMENT_TARGET = 11.0;
				LD_RUNPATH_SEARCH_PATHS = "$(inherited) @executable_path/Frameworks @loader_path/Frameworks";
				PRODUCT_BUNDLE_IDENTIFIER = "com.catana-software.GHS-scheduleUITests";
				PRODUCT_NAME = "$(TARGET_NAME)";
				SWIFT_VERSION = 4.0;
				TARGETED_DEVICE_FAMILY = "1,2";
				TEST_TARGET_NAME = "GHS schedule";
			};
			name = Release;
		};
/* End XCBuildConfiguration section */

/* Begin XCConfigurationList section */
		DF06EB991FA05DD4001F1D0C /* Build configuration list for PBXNativeTarget "GHSScheduleWidget" */ = {
			isa = XCConfigurationList;
			buildConfigurations = (
				DF06EB971FA05DD4001F1D0C /* Debug */,
				DF06EB981FA05DD4001F1D0C /* Release */,
			);
			defaultConfigurationIsVisible = 0;
			defaultConfigurationName = Release;
		};
		DF7D45D31F5F87BB00925D2E /* Build configuration list for PBXProject "GHS schedule" */ = {
			isa = XCConfigurationList;
			buildConfigurations = (
				DF7D45EB1F5F87BB00925D2E /* Debug */,
				DF7D45EC1F5F87BB00925D2E /* Release */,
			);
			defaultConfigurationIsVisible = 0;
			defaultConfigurationName = Release;
		};
		DF7D45ED1F5F87BB00925D2E /* Build configuration list for PBXNativeTarget "GHS schedule" */ = {
			isa = XCConfigurationList;
			buildConfigurations = (
				DF7D45EE1F5F87BB00925D2E /* Debug */,
				DF7D45EF1F5F87BB00925D2E /* Release */,
			);
			defaultConfigurationIsVisible = 0;
			defaultConfigurationName = Release;
		};
		DFF618CF1FA84518007375BB /* Build configuration list for PBXNativeTarget "GHS scheduleUITests" */ = {
			isa = XCConfigurationList;
			buildConfigurations = (
				DFF618D01FA84518007375BB /* Debug */,
				DFF618D11FA84518007375BB /* Release */,
			);
			defaultConfigurationIsVisible = 0;
			defaultConfigurationName = Release;
		};
/* End XCConfigurationList section */
	};
	rootObject = DF7D45D01F5F87BB00925D2E /* Project object */;
}
