// !$*UTF8*$!
{
	archiveVersion = 1;
	classes = {
	};
	objectVersion = 46;
	objects = {

/* Begin PBXBuildFile section */
		DF0B3A151F7C6F8C003FEE7B /* NotificationViewController.swift in Sources */ = {isa = PBXBuildFile; fileRef = DF0B3A141F7C6F8C003FEE7B /* NotificationViewController.swift */; };
		DF7D45DC1F5F87BB00925D2E /* AppDelegate.swift in Sources */ = {isa = PBXBuildFile; fileRef = DF7D45DB1F5F87BB00925D2E /* AppDelegate.swift */; };
		DF7D45DE1F5F87BB00925D2E /* ViewController.swift in Sources */ = {isa = PBXBuildFile; fileRef = DF7D45DD1F5F87BB00925D2E /* ViewController.swift */; };
		DF7D45E11F5F87BB00925D2E /* Main.storyboard in Resources */ = {isa = PBXBuildFile; fileRef = DF7D45DF1F5F87BB00925D2E /* Main.storyboard */; };
		DF7D45E41F5F87BB00925D2E /* GHS_schedule.xcdatamodeld in Sources */ = {isa = PBXBuildFile; fileRef = DF7D45E21F5F87BB00925D2E /* GHS_schedule.xcdatamodeld */; };
		DF7D45E61F5F87BB00925D2E /* Assets.xcassets in Resources */ = {isa = PBXBuildFile; fileRef = DF7D45E51F5F87BB00925D2E /* Assets.xcassets */; };
		DF7D45E91F5F87BB00925D2E /* LaunchScreen.storyboard in Resources */ = {isa = PBXBuildFile; fileRef = DF7D45E71F5F87BB00925D2E /* LaunchScreen.storyboard */; };
		DF7D45F11F5F88CA00925D2E /* PeriodListClasses.swift in Sources */ = {isa = PBXBuildFile; fileRef = DF7D45F01F5F88CA00925D2E /* PeriodListClasses.swift */; };
		DF7D45F31F5FAD9B00925D2E /* calenderLayer.swift in Sources */ = {isa = PBXBuildFile; fileRef = DF7D45F21F5FAD9B00925D2E /* calenderLayer.swift */; };
		DF7D45F51F5FDAAB00925D2E /* calenderStuff.swift in Sources */ = {isa = PBXBuildFile; fileRef = DF7D45F41F5FDAAB00925D2E /* calenderStuff.swift */; };
		DFEBBFA21F6667F500046334 /* GHS logo.png in Resources */ = {isa = PBXBuildFile; fileRef = DFEBBFA11F6667F500046334 /* GHS logo.png */; };
/* End PBXBuildFile section */

/* Begin PBXFileReference section */
		DF0B3A141F7C6F8C003FEE7B /* NotificationViewController.swift */ = {isa = PBXFileReference; lastKnownFileType = sourcecode.swift; path = NotificationViewController.swift; sourceTree = "<group>"; };
		DF7D3BDD1F7DA9A800BC0752 /* GHS schedule.entitlements */ = {isa = PBXFileReference; lastKnownFileType = text.plist.entitlements; path = "GHS schedule.entitlements"; sourceTree = "<group>"; };
		DF7D45D81F5F87BB00925D2E /* GHS schedule.app */ = {isa = PBXFileReference; explicitFileType = wrapper.application; includeInIndex = 0; path = "GHS schedule.app"; sourceTree = BUILT_PRODUCTS_DIR; };
		DF7D45DB1F5F87BB00925D2E /* AppDelegate.swift */ = {isa = PBXFileReference; lastKnownFileType = sourcecode.swift; path = AppDelegate.swift; sourceTree = "<group>"; };
		DF7D45DD1F5F87BB00925D2E /* ViewController.swift */ = {isa = PBXFileReference; lastKnownFileType = sourcecode.swift; path = ViewController.swift; sourceTree = "<group>"; };
		DF7D45E01F5F87BB00925D2E /* Base */ = {isa = PBXFileReference; lastKnownFileType = file.storyboard; name = Base; path = Base.lproj/Main.storyboard; sourceTree = "<group>"; };
		DF7D45E31F5F87BB00925D2E /* GHS_schedule.xcdatamodel */ = {isa = PBXFileReference; lastKnownFileType = wrapper.xcdatamodel; path = GHS_schedule.xcdatamodel; sourceTree = "<group>"; };
		DF7D45E51F5F87BB00925D2E /* Assets.xcassets */ = {isa = PBXFileReference; lastKnownFileType = folder.assetcatalog; path = Assets.xcassets; sourceTree = "<group>"; };
		DF7D45E81F5F87BB00925D2E /* Base */ = {isa = PBXFileReference; lastKnownFileType = file.storyboard; name = Base; path = Base.lproj/LaunchScreen.storyboard; sourceTree = "<group>"; };
		DF7D45EA1F5F87BB00925D2E /* Info.plist */ = {isa = PBXFileReference; lastKnownFileType = text.plist.xml; path = Info.plist; sourceTree = "<group>"; };
		DF7D45F01F5F88CA00925D2E /* PeriodListClasses.swift */ = {isa = PBXFileReference; fileEncoding = 4; lastKnownFileType = sourcecode.swift; path = PeriodListClasses.swift; sourceTree = "<group>"; };
		DF7D45F21F5FAD9B00925D2E /* calenderLayer.swift */ = {isa = PBXFileReference; fileEncoding = 4; lastKnownFileType = sourcecode.swift; path = calenderLayer.swift; sourceTree = "<group>"; };
		DF7D45F41F5FDAAB00925D2E /* calenderStuff.swift */ = {isa = PBXFileReference; fileEncoding = 4; lastKnownFileType = sourcecode.swift; path = calenderStuff.swift; sourceTree = "<group>"; };
		DFEBBFA11F6667F500046334 /* GHS logo.png */ = {isa = PBXFileReference; lastKnownFileType = image.png; path = "GHS logo.png"; sourceTree = "<group>"; };
/* End PBXFileReference section */

/* Begin PBXFrameworksBuildPhase section */
		DF7D45D51F5F87BB00925D2E /* Frameworks */ = {
			isa = PBXFrameworksBuildPhase;
			buildActionMask = 2147483647;
			files = (
			);
			runOnlyForDeploymentPostprocessing = 0;
		};
/* End PBXFrameworksBuildPhase section */

/* Begin PBXGroup section */
		DF7D45CF1F5F87BB00925D2E = {
			isa = PBXGroup;
			children = (
				DF7D45DA1F5F87BB00925D2E /* GHS schedule */,
				DF7D45D91F5F87BB00925D2E /* Products */,
			);
			sourceTree = "<group>";
		};
		DF7D45D91F5F87BB00925D2E /* Products */ = {
			isa = PBXGroup;
			children = (
				DF7D45D81F5F87BB00925D2E /* GHS schedule.app */,
			);
			name = Products;
			sourceTree = "<group>";
		};
		DF7D45DA1F5F87BB00925D2E /* GHS schedule */ = {
			isa = PBXGroup;
			children = (
				DF7D3BDD1F7DA9A800BC0752 /* GHS schedule.entitlements */,
				DFEBBFA11F6667F500046334 /* GHS logo.png */,
				DF7D45DB1F5F87BB00925D2E /* AppDelegate.swift */,
				DF7D45DD1F5F87BB00925D2E /* ViewController.swift */,
				DF0B3A141F7C6F8C003FEE7B /* NotificationViewController.swift */,
				DF7D45F01F5F88CA00925D2E /* PeriodListClasses.swift */,
				DF7D45F21F5FAD9B00925D2E /* calenderLayer.swift */,
				DF7D45F41F5FDAAB00925D2E /* calenderStuff.swift */,
				DF7D45DF1F5F87BB00925D2E /* Main.storyboard */,
				DF7D45E51F5F87BB00925D2E /* Assets.xcassets */,
				DF7D45E71F5F87BB00925D2E /* LaunchScreen.storyboard */,
				DF7D45EA1F5F87BB00925D2E /* Info.plist */,
				DF7D45E21F5F87BB00925D2E /* GHS_schedule.xcdatamodeld */,
			);
			path = "GHS schedule";
			sourceTree = "<group>";
		};
/* End PBXGroup section */

/* Begin PBXNativeTarget section */
		DF7D45D71F5F87BB00925D2E /* GHS schedule */ = {
			isa = PBXNativeTarget;
			buildConfigurationList = DF7D45ED1F5F87BB00925D2E /* Build configuration list for PBXNativeTarget "GHS schedule" */;
			buildPhases = (
				DF7D45D41F5F87BB00925D2E /* Sources */,
				DF7D45D51F5F87BB00925D2E /* Frameworks */,
				DF7D45D61F5F87BB00925D2E /* Resources */,
			);
			buildRules = (
			);
			dependencies = (
			);
			name = "GHS schedule";
			productName = "GHS schedule";
			productReference = DF7D45D81F5F87BB00925D2E /* GHS schedule.app */;
			productType = "com.apple.product-type.application";
		};
/* End PBXNativeTarget section */

/* Begin PBXProject section */
		DF7D45D01F5F87BB00925D2E /* Project object */ = {
			isa = PBXProject;
			attributes = {
				LastSwiftUpdateCheck = 0830;
				LastUpgradeCheck = 0830;
				ORGANIZATIONNAME = 4inunison;
				TargetAttributes = {
					DF7D45D71F5F87BB00925D2E = {
						CreatedOnToolsVersion = 8.3.3;
						DevelopmentTeam = KAZ52S2JC2;
						ProvisioningStyle = Automatic;
						SystemCapabilities = {
							com.apple.Push = {
								enabled = 1;
							};
						};
					};
				};
			};
			buildConfigurationList = DF7D45D31F5F87BB00925D2E /* Build configuration list for PBXProject "GHS schedule" */;
			compatibilityVersion = "Xcode 3.2";
			developmentRegion = English;
			hasScannedForEncodings = 0;
			knownRegions = (
				en,
				Base,
			);
			mainGroup = DF7D45CF1F5F87BB00925D2E;
			productRefGroup = DF7D45D91F5F87BB00925D2E /* Products */;
			projectDirPath = "";
			projectRoot = "";
			targets = (
				DF7D45D71F5F87BB00925D2E /* GHS schedule */,
			);
		};
/* End PBXProject section */

/* Begin PBXResourcesBuildPhase section */
		DF7D45D61F5F87BB00925D2E /* Resources */ = {
			isa = PBXResourcesBuildPhase;
			buildActionMask = 2147483647;
			files = (
				DFEBBFA21F6667F500046334 /* GHS logo.png in Resources */,
				DF7D45E91F5F87BB00925D2E /* LaunchScreen.storyboard in Resources */,
				DF7D45E61F5F87BB00925D2E /* Assets.xcassets in Resources */,
				DF7D45E11F5F87BB00925D2E /* Main.storyboard in Resources */,
			);
			runOnlyForDeploymentPostprocessing = 0;
		};
/* End PBXResourcesBuildPhase section */

/* Begin PBXSourcesBuildPhase section */
		DF7D45D41F5F87BB00925D2E /* Sources */ = {
			isa = PBXSourcesBuildPhase;
			buildActionMask = 2147483647;
			files = (
				DF7D45F51F5FDAAB00925D2E /* calenderStuff.swift in Sources */,
				DF7D45DE1F5F87BB00925D2E /* ViewController.swift in Sources */,
				DF7D45F31F5FAD9B00925D2E /* calenderLayer.swift in Sources */,
				DF0B3A151F7C6F8C003FEE7B /* NotificationViewController.swift in Sources */,
				DF7D45DC1F5F87BB00925D2E /* AppDelegate.swift in Sources */,
				DF7D45E41F5F87BB00925D2E /* GHS_schedule.xcdatamodeld in Sources */,
				DF7D45F11F5F88CA00925D2E /* PeriodListClasses.swift in Sources */,
			);
			runOnlyForDeploymentPostprocessing = 0;
		};
/* End PBXSourcesBuildPhase section */

/* Begin PBXVariantGroup section */
		DF7D45DF1F5F87BB00925D2E /* Main.storyboard */ = {
			isa = PBXVariantGroup;
			children = (
				DF7D45E01F5F87BB00925D2E /* Base */,
			);
			name = Main.storyboard;
			sourceTree = "<group>";
		};
		DF7D45E71F5F87BB00925D2E /* LaunchScreen.storyboard */ = {
			isa = PBXVariantGroup;
			children = (
				DF7D45E81F5F87BB00925D2E /* Base */,
			);
			name = LaunchScreen.storyboard;
			sourceTree = "<group>";
		};
/* End PBXVariantGroup section */

/* Begin XCBuildConfiguration section */
		DF7D45EB1F5F87BB00925D2E /* Debug */ = {
			isa = XCBuildConfiguration;
			buildSettings = {
				ALWAYS_SEARCH_USER_PATHS = NO;
				CLANG_ANALYZER_NONNULL = YES;
				CLANG_ANALYZER_NUMBER_OBJECT_CONVERSION = YES_AGGRESSIVE;
				CLANG_CXX_LANGUAGE_STANDARD = "gnu++0x";
				CLANG_CXX_LIBRARY = "libc++";
				CLANG_ENABLE_MODULES = YES;
				CLANG_ENABLE_OBJC_ARC = YES;
				CLANG_WARN_BOOL_CONVERSION = YES;
				CLANG_WARN_CONSTANT_CONVERSION = YES;
				CLANG_WARN_DIRECT_OBJC_ISA_USAGE = YES_ERROR;
				CLANG_WARN_DOCUMENTATION_COMMENTS = YES;
				CLANG_WARN_EMPTY_BODY = YES;
				CLANG_WARN_ENUM_CONVERSION = YES;
				CLANG_WARN_INFINITE_RECURSION = YES;
				CLANG_WARN_INT_CONVERSION = YES;
				CLANG_WARN_OBJC_ROOT_CLASS = YES_ERROR;
				CLANG_WARN_SUSPICIOUS_MOVE = YES;
				CLANG_WARN_UNREACHABLE_CODE = YES;
				CLANG_WARN__DUPLICATE_METHOD_MATCH = YES;
				"CODE_SIGN_IDENTITY[sdk=iphoneos*]" = "iPhone Developer";
				COPY_PHASE_STRIP = NO;
				DEBUG_INFORMATION_FORMAT = dwarf;
				ENABLE_STRICT_OBJC_MSGSEND = YES;
				ENABLE_TESTABILITY = YES;
				GCC_C_LANGUAGE_STANDARD = gnu99;
				GCC_DYNAMIC_NO_PIC = NO;
				GCC_NO_COMMON_BLOCKS = YES;
				GCC_OPTIMIZATION_LEVEL = 0;
				GCC_PREPROCESSOR_DEFINITIONS = (
					"DEBUG=1",
					"$(inherited)",
				);
				GCC_WARN_64_TO_32_BIT_CONVERSION = YES;
				GCC_WARN_ABOUT_RETURN_TYPE = YES_ERROR;
				GCC_WARN_UNDECLARED_SELECTOR = YES;
				GCC_WARN_UNINITIALIZED_AUTOS = YES_AGGRESSIVE;
				GCC_WARN_UNUSED_FUNCTION = YES;
				GCC_WARN_UNUSED_VARIABLE = YES;
				IPHONEOS_DEPLOYMENT_TARGET = 10.3;
				MTL_ENABLE_DEBUG_INFO = YES;
				ONLY_ACTIVE_ARCH = YES;
				SDKROOT = iphoneos;
				SWIFT_ACTIVE_COMPILATION_CONDITIONS = DEBUG;
				SWIFT_OPTIMIZATION_LEVEL = "-Onone";
				TARGETED_DEVICE_FAMILY = "1,2";
			};
			name = Debug;
		};
		DF7D45EC1F5F87BB00925D2E /* Release */ = {
			isa = XCBuildConfiguration;
			buildSettings = {
				ALWAYS_SEARCH_USER_PATHS = NO;
				CLANG_ANALYZER_NONNULL = YES;
				CLANG_ANALYZER_NUMBER_OBJECT_CONVERSION = YES_AGGRESSIVE;
				CLANG_CXX_LANGUAGE_STANDARD = "gnu++0x";
				CLANG_CXX_LIBRARY = "libc++";
				CLANG_ENABLE_MODULES = YES;
				CLANG_ENABLE_OBJC_ARC = YES;
				CLANG_WARN_BOOL_CONVERSION = YES;
				CLANG_WARN_CONSTANT_CONVERSION = YES;
				CLANG_WARN_DIRECT_OBJC_ISA_USAGE = YES_ERROR;
				CLANG_WARN_DOCUMENTATION_COMMENTS = YES;
				CLANG_WARN_EMPTY_BODY = YES;
				CLANG_WARN_ENUM_CONVERSION = YES;
				CLANG_WARN_INFINITE_RECURSION = YES;
				CLANG_WARN_INT_CONVERSION = YES;
				CLANG_WARN_OBJC_ROOT_CLASS = YES_ERROR;
				CLANG_WARN_SUSPICIOUS_MOVE = YES;
				CLANG_WARN_UNREACHABLE_CODE = YES;
				CLANG_WARN__DUPLICATE_METHOD_MATCH = YES;
				"CODE_SIGN_IDENTITY[sdk=iphoneos*]" = "iPhone Developer";
				COPY_PHASE_STRIP = NO;
				DEBUG_INFORMATION_FORMAT = "dwarf-with-dsym";
				ENABLE_NS_ASSERTIONS = NO;
				ENABLE_STRICT_OBJC_MSGSEND = YES;
				GCC_C_LANGUAGE_STANDARD = gnu99;
				GCC_NO_COMMON_BLOCKS = YES;
				GCC_WARN_64_TO_32_BIT_CONVERSION = YES;
				GCC_WARN_ABOUT_RETURN_TYPE = YES_ERROR;
				GCC_WARN_UNDECLARED_SELECTOR = YES;
				GCC_WARN_UNINITIALIZED_AUTOS = YES_AGGRESSIVE;
				GCC_WARN_UNUSED_FUNCTION = YES;
				GCC_WARN_UNUSED_VARIABLE = YES;
				IPHONEOS_DEPLOYMENT_TARGET = 10.3;
				MTL_ENABLE_DEBUG_INFO = NO;
				SDKROOT = iphoneos;
				SWIFT_OPTIMIZATION_LEVEL = "-Owholemodule";
				TARGETED_DEVICE_FAMILY = "1,2";
				VALIDATE_PRODUCT = YES;
			};
			name = Release;
		};
		DF7D45EE1F5F87BB00925D2E /* Debug */ = {
			isa = XCBuildConfiguration;
			buildSettings = {
				ASSETCATALOG_COMPILER_APPICON_NAME = AppIcon;
				CODE_SIGN_ENTITLEMENTS = "GHS schedule/GHS schedule.entitlements";
				DEVELOPMENT_TEAM = KAZ52S2JC2;
				INFOPLIST_FILE = "GHS schedule/Info.plist";
				IPHONEOS_DEPLOYMENT_TARGET = 10.0;
				LD_RUNPATH_SEARCH_PATHS = "$(inherited) @executable_path/Frameworks";
				PRODUCT_BUNDLE_IDENTIFIER = "com.catana-software.ghsschedule";
				PRODUCT_NAME = "$(TARGET_NAME)";
				SWIFT_VERSION = 3.0;
			};
			name = Debug;
		};
		DF7D45EF1F5F87BB00925D2E /* Release */ = {
			isa = XCBuildConfiguration;
			buildSettings = {
				ASSETCATALOG_COMPILER_APPICON_NAME = AppIcon;
				CODE_SIGN_ENTITLEMENTS = "GHS schedule/GHS schedule.entitlements";
				DEVELOPMENT_TEAM = KAZ52S2JC2;
				INFOPLIST_FILE = "GHS schedule/Info.plist";
				IPHONEOS_DEPLOYMENT_TARGET = 10.0;
				LD_RUNPATH_SEARCH_PATHS = "$(inherited) @executable_path/Frameworks";
				PRODUCT_BUNDLE_IDENTIFIER = "com.catana-software.ghsschedule";
				PRODUCT_NAME = "$(TARGET_NAME)";
				SWIFT_VERSION = 3.0;
			};
			name = Release;
		};
/* End XCBuildConfiguration section */

/* Begin XCConfigurationList section */
		DF7D45D31F5F87BB00925D2E /* Build configuration list for PBXProject "GHS schedule" */ = {
			isa = XCConfigurationList;
			buildConfigurations = (
				DF7D45EB1F5F87BB00925D2E /* Debug */,
				DF7D45EC1F5F87BB00925D2E /* Release */,
			);
			defaultConfigurationIsVisible = 0;
			defaultConfigurationName = Release;
		};
		DF7D45ED1F5F87BB00925D2E /* Build configuration list for PBXNativeTarget "GHS schedule" */ = {
			isa = XCConfigurationList;
			buildConfigurations = (
				DF7D45EE1F5F87BB00925D2E /* Debug */,
				DF7D45EF1F5F87BB00925D2E /* Release */,
			);
			defaultConfigurationIsVisible = 0;
			defaultConfigurationName = Release;
		};
/* End XCConfigurationList section */

/* Begin XCVersionGroup section */
		DF7D45E21F5F87BB00925D2E /* GHS_schedule.xcdatamodeld */ = {
			isa = XCVersionGroup;
			children = (
				DF7D45E31F5F87BB00925D2E /* GHS_schedule.xcdatamodel */,
			);
			currentVersion = DF7D45E31F5F87BB00925D2E /* GHS_schedule.xcdatamodel */;
			path = GHS_schedule.xcdatamodeld;
			sourceTree = "<group>";
			versionGroupType = wrapper.xcdatamodel;
		};
/* End XCVersionGroup section */
	};
	rootObject = DF7D45D01F5F87BB00925D2E /* Project object */;
}
